
Microsoft Visual Studio Solution File, Format Version 12.00
# Visual Studio Version 16
VisualStudioVersion = 16.0.30907.101
MinimumVisualStudioVersion = 10.0.40219.1
Project("{2150E333-8FDC-42A3-9474-1A3956D46DE8}") = "Abstractions", "Abstractions", "{CF628714-C95A-4DAF-8094-3521C3647359}"
EndProject
Project("{2150E333-8FDC-42A3-9474-1A3956D46DE8}") = "Implementations", "Implementations", "{49008583-7613-441E-A32E-FBA3F7ED8563}"
EndProject
Project("{2150E333-8FDC-42A3-9474-1A3956D46DE8}") = "Core", "Core", "{6B234131-0BBE-46E7-ACED-307C2AE9C9A2}"
EndProject
Project("{2150E333-8FDC-42A3-9474-1A3956D46DE8}") = "Input", "Input", "{50C9DE62-28E4-434D-A8C5-32E568B5F703}"
EndProject
Project("{2150E333-8FDC-42A3-9474-1A3956D46DE8}") = "Renderers", "Renderers", "{F6C0EABA-A176-4CF9-A4AB-8F29F8549FBE}"
EndProject
Project("{2150E333-8FDC-42A3-9474-1A3956D46DE8}") = "Other", "Other", "{907DAAED-0A69-4F1D-ADBE-65B98F821880}"
EndProject
Project("{9A19103F-16F7-4668-BE54-9A1E7A4F7556}") = "Skitana.Input.Abstractions", "Abstractions\Skitana.Input.Abstractions\Skitana.Input.Abstractions.csproj", "{A37E41BE-93B3-4A32-873F-F06F6D22A50F}"
EndProject
Project("{9A19103F-16F7-4668-BE54-9A1E7A4F7556}") = "Skitana.Renderer.Abstractions", "Abstractions\Skitana.Renderer.Abstractions\Skitana.Renderer.Abstractions.csproj", "{0996D067-9456-4447-B698-55594E3776EA}"
EndProject
Project("{9A19103F-16F7-4668-BE54-9A1E7A4F7556}") = "Skitana.IO.Abstractions", "Abstractions\Skitana.IO.Abstractions\Skitana.IO.Abstractions.csproj", "{0B137DCB-13AF-4516-BEFF-CDDF799B4BCF}"
EndProject
Project("{9A19103F-16F7-4668-BE54-9A1E7A4F7556}") = "Skitana.DependencyInjection.Abstractions", "Abstractions\Skitana.DependencyInjection.Abstractions\Skitana.DependencyInjection.Abstractions.csproj", "{3A645EF3-9640-4D95-9948-593CC06DFE00}"
EndProject
Project("{9A19103F-16F7-4668-BE54-9A1E7A4F7556}") = "Skitana.App.Framework.Abstractions", "Abstractions\Skitana.App.Framework.Abstractions\Skitana.App.Framework.Abstractions.csproj", "{DD4CB647-AD43-4ADE-95A6-B5219E7B6950}"
EndProject
Project("{9A19103F-16F7-4668-BE54-9A1E7A4F7556}") = "Skitana.Platform.Abstractions", "Abstractions\Skitana.Platform.Abstractions\Skitana.Platform.Abstractions.csproj", "{836DFF55-DF9C-4CDD-A6E5-FD0338C9AE1A}"
EndProject
Project("{9A19103F-16F7-4668-BE54-9A1E7A4F7556}") = "Skitana.App.Framework", "Core\Skitana.App.Framework\Skitana.App.Framework.csproj", "{62E7AC29-6EC1-445D-92E7-2DDE4D8EC329}"
EndProject
Project("{9A19103F-16F7-4668-BE54-9A1E7A4F7556}") = "Skitana.UI.Framework.Core", "Core\Skitana.UI.Framework.Core\Skitana.UI.Framework.Core.csproj", "{6B34176D-6370-4E5F-B1B4-07AC7334EAA6}"
EndProject
Project("{9A19103F-16F7-4668-BE54-9A1E7A4F7556}") = "Skitana.UI.Framework", "Core\Skitana.UI.Framework\Skitana.UI.Framework.csproj", "{9BC30026-2AA0-425D-B69C-B4546D78836A}"
EndProject
Project("{9A19103F-16F7-4668-BE54-9A1E7A4F7556}") = "Skitana.Input.WPF", "Implementations\Input\Skitana.Input.WPF\Skitana.Input.WPF.csproj", "{C7AA22C4-3E83-4B1F-9D8C-A3479A28E1E3}"
EndProject
Project("{9A19103F-16F7-4668-BE54-9A1E7A4F7556}") = "Skitana.IO", "Implementations\Other\Skitana.IO\Skitana.IO.csproj", "{57F3DF90-1AD1-4FB5-B05F-2912BA8CA319}"
EndProject
Project("{9A19103F-16F7-4668-BE54-9A1E7A4F7556}") = "Skitana.Renderer.Skia", "Implementations\Renderers\Skitana.Renderer.Skia\Skitana.Renderer.Skia.csproj", "{40BF68AC-1AA9-4358-A4CC-041E08F1F99B}"
EndProject
Project("{2150E333-8FDC-42A3-9474-1A3956D46DE8}") = "Examples", "Examples", "{D335122A-A115-4F5F-80E8-7F8E1185187E}"
EndProject
Project("{2150E333-8FDC-42A3-9474-1A3956D46DE8}") = "Common", "Common", "{44833F1B-C2CC-4DDA-8A17-663E7B248E4D}"
EndProject
Project("{2150E333-8FDC-42A3-9474-1A3956D46DE8}") = "AllControls", "AllControls", "{CFC7DCA9-075C-4F85-AAC3-CCA80B56CA15}"
EndProject
Project("{9A19103F-16F7-4668-BE54-9A1E7A4F7556}") = "ExamplesCommon", "Examples\Common\ExamplesCommon\ExamplesCommon.csproj", "{DE98D1F1-41A1-47C7-BEEA-8811E84C5AB5}"
EndProject
Project("{9A19103F-16F7-4668-BE54-9A1E7A4F7556}") = "AllControls", "Examples\AllControls\AllControls\AllControls.csproj", "{8893AA86-268F-4E18-8B8C-FB17B3F80FB5}"
EndProject
Project("{9A19103F-16F7-4668-BE54-9A1E7A4F7556}") = "AllControls.WPF", "Examples\AllControls\AllControls.WPF\AllControls.WPF.csproj", "{39F6D6DD-D55B-4685-B036-C0FAFEB0F8C5}"
EndProject
Global
	GlobalSection(SolutionConfigurationPlatforms) = preSolution
		Debug|Any CPU = Debug|Any CPU
		Release|Any CPU = Release|Any CPU
	EndGlobalSection
	GlobalSection(ProjectConfigurationPlatforms) = postSolution
		{A37E41BE-93B3-4A32-873F-F06F6D22A50F}.Debug|Any CPU.ActiveCfg = Debug|Any CPU
		{A37E41BE-93B3-4A32-873F-F06F6D22A50F}.Debug|Any CPU.Build.0 = Debug|Any CPU
		{A37E41BE-93B3-4A32-873F-F06F6D22A50F}.Release|Any CPU.ActiveCfg = Release|Any CPU
		{A37E41BE-93B3-4A32-873F-F06F6D22A50F}.Release|Any CPU.Build.0 = Release|Any CPU
		{0996D067-9456-4447-B698-55594E3776EA}.Debug|Any CPU.ActiveCfg = Debug|Any CPU
		{0996D067-9456-4447-B698-55594E3776EA}.Debug|Any CPU.Build.0 = Debug|Any CPU
		{0996D067-9456-4447-B698-55594E3776EA}.Release|Any CPU.ActiveCfg = Release|Any CPU
		{0996D067-9456-4447-B698-55594E3776EA}.Release|Any CPU.Build.0 = Release|Any CPU
		{0B137DCB-13AF-4516-BEFF-CDDF799B4BCF}.Debug|Any CPU.ActiveCfg = Debug|Any CPU
		{0B137DCB-13AF-4516-BEFF-CDDF799B4BCF}.Debug|Any CPU.Build.0 = Debug|Any CPU
		{0B137DCB-13AF-4516-BEFF-CDDF799B4BCF}.Release|Any CPU.ActiveCfg = Release|Any CPU
		{0B137DCB-13AF-4516-BEFF-CDDF799B4BCF}.Release|Any CPU.Build.0 = Release|Any CPU
		{3A645EF3-9640-4D95-9948-593CC06DFE00}.Debug|Any CPU.ActiveCfg = Debug|Any CPU
		{3A645EF3-9640-4D95-9948-593CC06DFE00}.Debug|Any CPU.Build.0 = Debug|Any CPU
		{3A645EF3-9640-4D95-9948-593CC06DFE00}.Release|Any CPU.ActiveCfg = Release|Any CPU
		{3A645EF3-9640-4D95-9948-593CC06DFE00}.Release|Any CPU.Build.0 = Release|Any CPU
		{DD4CB647-AD43-4ADE-95A6-B5219E7B6950}.Debug|Any CPU.ActiveCfg = Debug|Any CPU
		{DD4CB647-AD43-4ADE-95A6-B5219E7B6950}.Debug|Any CPU.Build.0 = Debug|Any CPU
		{DD4CB647-AD43-4ADE-95A6-B5219E7B6950}.Release|Any CPU.ActiveCfg = Release|Any CPU
		{DD4CB647-AD43-4ADE-95A6-B5219E7B6950}.Release|Any CPU.Build.0 = Release|Any CPU
		{836DFF55-DF9C-4CDD-A6E5-FD0338C9AE1A}.Debug|Any CPU.ActiveCfg = Debug|Any CPU
		{836DFF55-DF9C-4CDD-A6E5-FD0338C9AE1A}.Debug|Any CPU.Build.0 = Debug|Any CPU
		{836DFF55-DF9C-4CDD-A6E5-FD0338C9AE1A}.Release|Any CPU.ActiveCfg = Release|Any CPU
		{836DFF55-DF9C-4CDD-A6E5-FD0338C9AE1A}.Release|Any CPU.Build.0 = Release|Any CPU
		{62E7AC29-6EC1-445D-92E7-2DDE4D8EC329}.Debug|Any CPU.ActiveCfg = Debug|Any CPU
		{62E7AC29-6EC1-445D-92E7-2DDE4D8EC329}.Debug|Any CPU.Build.0 = Debug|Any CPU
		{62E7AC29-6EC1-445D-92E7-2DDE4D8EC329}.Release|Any CPU.ActiveCfg = Release|Any CPU
		{62E7AC29-6EC1-445D-92E7-2DDE4D8EC329}.Release|Any CPU.Build.0 = Release|Any CPU
		{6B34176D-6370-4E5F-B1B4-07AC7334EAA6}.Debug|Any CPU.ActiveCfg = Debug|Any CPU
		{6B34176D-6370-4E5F-B1B4-07AC7334EAA6}.Debug|Any CPU.Build.0 = Debug|Any CPU
		{6B34176D-6370-4E5F-B1B4-07AC7334EAA6}.Release|Any CPU.ActiveCfg = Release|Any CPU
		{6B34176D-6370-4E5F-B1B4-07AC7334EAA6}.Release|Any CPU.Build.0 = Release|Any CPU
		{9BC30026-2AA0-425D-B69C-B4546D78836A}.Debug|Any CPU.ActiveCfg = Debug|Any CPU
		{9BC30026-2AA0-425D-B69C-B4546D78836A}.Debug|Any CPU.Build.0 = Debug|Any CPU
		{9BC30026-2AA0-425D-B69C-B4546D78836A}.Release|Any CPU.ActiveCfg = Release|Any CPU
		{9BC30026-2AA0-425D-B69C-B4546D78836A}.Release|Any CPU.Build.0 = Release|Any CPU
		{C7AA22C4-3E83-4B1F-9D8C-A3479A28E1E3}.Debug|Any CPU.ActiveCfg = Debug|Any CPU
		{C7AA22C4-3E83-4B1F-9D8C-A3479A28E1E3}.Debug|Any CPU.Build.0 = Debug|Any CPU
		{C7AA22C4-3E83-4B1F-9D8C-A3479A28E1E3}.Release|Any CPU.ActiveCfg = Release|Any CPU
		{C7AA22C4-3E83-4B1F-9D8C-A3479A28E1E3}.Release|Any CPU.Build.0 = Release|Any CPU
		{57F3DF90-1AD1-4FB5-B05F-2912BA8CA319}.Debug|Any CPU.ActiveCfg = Debug|Any CPU
		{57F3DF90-1AD1-4FB5-B05F-2912BA8CA319}.Debug|Any CPU.Build.0 = Debug|Any CPU
		{57F3DF90-1AD1-4FB5-B05F-2912BA8CA319}.Release|Any CPU.ActiveCfg = Release|Any CPU
		{57F3DF90-1AD1-4FB5-B05F-2912BA8CA319}.Release|Any CPU.Build.0 = Release|Any CPU
		{40BF68AC-1AA9-4358-A4CC-041E08F1F99B}.Debug|Any CPU.ActiveCfg = Debug|Any CPU
		{40BF68AC-1AA9-4358-A4CC-041E08F1F99B}.Debug|Any CPU.Build.0 = Debug|Any CPU
		{40BF68AC-1AA9-4358-A4CC-041E08F1F99B}.Release|Any CPU.ActiveCfg = Release|Any CPU
		{40BF68AC-1AA9-4358-A4CC-041E08F1F99B}.Release|Any CPU.Build.0 = Release|Any CPU
		{DE98D1F1-41A1-47C7-BEEA-8811E84C5AB5}.Debug|Any CPU.ActiveCfg = Debug|Any CPU
		{DE98D1F1-41A1-47C7-BEEA-8811E84C5AB5}.Debug|Any CPU.Build.0 = Debug|Any CPU
		{DE98D1F1-41A1-47C7-BEEA-8811E84C5AB5}.Release|Any CPU.ActiveCfg = Release|Any CPU
		{DE98D1F1-41A1-47C7-BEEA-8811E84C5AB5}.Release|Any CPU.Build.0 = Release|Any CPU
		{8893AA86-268F-4E18-8B8C-FB17B3F80FB5}.Debug|Any CPU.ActiveCfg = Debug|Any CPU
		{8893AA86-268F-4E18-8B8C-FB17B3F80FB5}.Debug|Any CPU.Build.0 = Debug|Any CPU
		{8893AA86-268F-4E18-8B8C-FB17B3F80FB5}.Release|Any CPU.ActiveCfg = Release|Any CPU
		{8893AA86-268F-4E18-8B8C-FB17B3F80FB5}.Release|Any CPU.Build.0 = Release|Any CPU
		{39F6D6DD-D55B-4685-B036-C0FAFEB0F8C5}.Debug|Any CPU.ActiveCfg = Debug|Any CPU
		{39F6D6DD-D55B-4685-B036-C0FAFEB0F8C5}.Debug|Any CPU.Build.0 = Debug|Any CPU
		{39F6D6DD-D55B-4685-B036-C0FAFEB0F8C5}.Release|Any CPU.ActiveCfg = Release|Any CPU
		{39F6D6DD-D55B-4685-B036-C0FAFEB0F8C5}.Release|Any CPU.Build.0 = Release|Any CPU
	EndGlobalSection
	GlobalSection(SolutionProperties) = preSolution
		HideSolutionNode = FALSE
	EndGlobalSection
	GlobalSection(NestedProjects) = preSolution
		{50C9DE62-28E4-434D-A8C5-32E568B5F703} = {49008583-7613-441E-A32E-FBA3F7ED8563}
		{F6C0EABA-A176-4CF9-A4AB-8F29F8549FBE} = {49008583-7613-441E-A32E-FBA3F7ED8563}
		{907DAAED-0A69-4F1D-ADBE-65B98F821880} = {49008583-7613-441E-A32E-FBA3F7ED8563}
		{A37E41BE-93B3-4A32-873F-F06F6D22A50F} = {CF628714-C95A-4DAF-8094-3521C3647359}
		{0996D067-9456-4447-B698-55594E3776EA} = {CF628714-C95A-4DAF-8094-3521C3647359}
		{0B137DCB-13AF-4516-BEFF-CDDF799B4BCF} = {CF628714-C95A-4DAF-8094-3521C3647359}
		{3A645EF3-9640-4D95-9948-593CC06DFE00} = {CF628714-C95A-4DAF-8094-3521C3647359}
		{DD4CB647-AD43-4ADE-95A6-B5219E7B6950} = {CF628714-C95A-4DAF-8094-3521C3647359}
		{836DFF55-DF9C-4CDD-A6E5-FD0338C9AE1A} = {CF628714-C95A-4DAF-8094-3521C3647359}
		{62E7AC29-6EC1-445D-92E7-2DDE4D8EC329} = {6B234131-0BBE-46E7-ACED-307C2AE9C9A2}
		{6B34176D-6370-4E5F-B1B4-07AC7334EAA6} = {6B234131-0BBE-46E7-ACED-307C2AE9C9A2}
		{9BC30026-2AA0-425D-B69C-B4546D78836A} = {6B234131-0BBE-46E7-ACED-307C2AE9C9A2}
		{C7AA22C4-3E83-4B1F-9D8C-A3479A28E1E3} = {50C9DE62-28E4-434D-A8C5-32E568B5F703}
		{57F3DF90-1AD1-4FB5-B05F-2912BA8CA319} = {907DAAED-0A69-4F1D-ADBE-65B98F821880}
		{40BF68AC-1AA9-4358-A4CC-041E08F1F99B} = {F6C0EABA-A176-4CF9-A4AB-8F29F8549FBE}
		{44833F1B-C2CC-4DDA-8A17-663E7B248E4D} = {D335122A-A115-4F5F-80E8-7F8E1185187E}
		{CFC7DCA9-075C-4F85-AAC3-CCA80B56CA15} = {D335122A-A115-4F5F-80E8-7F8E1185187E}
		{DE98D1F1-41A1-47C7-BEEA-8811E84C5AB5} = {44833F1B-C2CC-4DDA-8A17-663E7B248E4D}
		{8893AA86-268F-4E18-8B8C-FB17B3F80FB5} = {CFC7DCA9-075C-4F85-AAC3-CCA80B56CA15}
		{39F6D6DD-D55B-4685-B036-C0FAFEB0F8C5} = {CFC7DCA9-075C-4F85-AAC3-CCA80B56CA15}
	EndGlobalSection
	GlobalSection(ExtensibilityGlobals) = postSolution
		SolutionGuid = {D7AA52D6-9084-4918-82B6-8C9F92A6853E}
	EndGlobalSection
EndGlobal
